// !$*UTF8*$!
{
	archiveVersion = 1;
	classes = {
	};
	objectVersion = 46;
	objects = {

/* Begin PBXBuildFile section */
		848D598C1951714D00773BCF /* Data.xcdatamodeld in Sources */ = {isa = PBXBuildFile; fileRef = 848D598A1951714C00773BCF /* Data.xcdatamodeld */; };
		848D598F195171C800773BCF /* BoardData.m in Sources */ = {isa = PBXBuildFile; fileRef = 848D598E195171C800773BCF /* BoardData.m */; };
		9717C0D1198CFFAF00EA72EE /* DateFormatter.m in Sources */ = {isa = PBXBuildFile; fileRef = 9717C0D0198CFFAF00EA72EE /* DateFormatter.m */; };
		97183A7B192AB607003F429C /* GetRequestViewController.m in Sources */ = {isa = PBXBuildFile; fileRef = 97183A7A192AB607003F429C /* GetRequestViewController.m */; };
		97223088198A2DD800E7C926 /* CommonThreadViewController.m in Sources */ = {isa = PBXBuildFile; fileRef = 97223087198A2DD800E7C926 /* CommonThreadViewController.m */; };
		9731779819F06792000A7046 /* MagicalImportFunctions.m in Sources */ = {isa = PBXBuildFile; fileRef = 9731775E19F06792000A7046 /* MagicalImportFunctions.m */; };
		9731779919F06792000A7046 /* NSAttributeDescription+MagicalDataImport.m in Sources */ = {isa = PBXBuildFile; fileRef = 9731776019F06792000A7046 /* NSAttributeDescription+MagicalDataImport.m */; };
		9731779A19F06792000A7046 /* NSEntityDescription+MagicalDataImport.m in Sources */ = {isa = PBXBuildFile; fileRef = 9731776219F06792000A7046 /* NSEntityDescription+MagicalDataImport.m */; };
		9731779B19F06792000A7046 /* NSNumber+MagicalDataImport.m in Sources */ = {isa = PBXBuildFile; fileRef = 9731776419F06792000A7046 /* NSNumber+MagicalDataImport.m */; };
		9731779C19F06792000A7046 /* NSObject+MagicalDataImport.m in Sources */ = {isa = PBXBuildFile; fileRef = 9731776619F06792000A7046 /* NSObject+MagicalDataImport.m */; };
		9731779D19F06792000A7046 /* NSRelationshipDescription+MagicalDataImport.m in Sources */ = {isa = PBXBuildFile; fileRef = 9731776819F06792000A7046 /* NSRelationshipDescription+MagicalDataImport.m */; };
		9731779E19F06792000A7046 /* NSString+MagicalDataImport.m in Sources */ = {isa = PBXBuildFile; fileRef = 9731776A19F06792000A7046 /* NSString+MagicalDataImport.m */; };
		9731779F19F06792000A7046 /* NSManagedObject+MagicalAggregation.m in Sources */ = {isa = PBXBuildFile; fileRef = 9731776D19F06792000A7046 /* NSManagedObject+MagicalAggregation.m */; };
		973177A019F06792000A7046 /* NSManagedObject+MagicalDataImport.m in Sources */ = {isa = PBXBuildFile; fileRef = 9731776F19F06792000A7046 /* NSManagedObject+MagicalDataImport.m */; };
		973177A119F06792000A7046 /* NSManagedObject+MagicalFinders.m in Sources */ = {isa = PBXBuildFile; fileRef = 9731777119F06792000A7046 /* NSManagedObject+MagicalFinders.m */; };
		973177A219F06792000A7046 /* NSManagedObject+MagicalRecord.m in Sources */ = {isa = PBXBuildFile; fileRef = 9731777319F06792000A7046 /* NSManagedObject+MagicalRecord.m */; };
		973177A319F06792000A7046 /* NSManagedObject+MagicalRequests.m in Sources */ = {isa = PBXBuildFile; fileRef = 9731777519F06792000A7046 /* NSManagedObject+MagicalRequests.m */; };
		973177A419F06792000A7046 /* NSManagedObjectContext+MagicalObserving.m in Sources */ = {isa = PBXBuildFile; fileRef = 9731777819F06792000A7046 /* NSManagedObjectContext+MagicalObserving.m */; };
		973177A519F06792000A7046 /* NSManagedObjectContext+MagicalRecord.m in Sources */ = {isa = PBXBuildFile; fileRef = 9731777A19F06792000A7046 /* NSManagedObjectContext+MagicalRecord.m */; };
		973177A619F06792000A7046 /* NSManagedObjectContext+MagicalSaves.m in Sources */ = {isa = PBXBuildFile; fileRef = 9731777C19F06792000A7046 /* NSManagedObjectContext+MagicalSaves.m */; };
		973177A719F06792000A7046 /* NSManagedObjectContext+MagicalThreading.m in Sources */ = {isa = PBXBuildFile; fileRef = 9731777E19F06792000A7046 /* NSManagedObjectContext+MagicalThreading.m */; };
		973177A819F06792000A7046 /* NSManagedObjectModel+MagicalRecord.m in Sources */ = {isa = PBXBuildFile; fileRef = 9731778019F06792000A7046 /* NSManagedObjectModel+MagicalRecord.m */; };
		973177A919F06792000A7046 /* NSPersistentStore+MagicalRecord.m in Sources */ = {isa = PBXBuildFile; fileRef = 9731778219F06792000A7046 /* NSPersistentStore+MagicalRecord.m */; };
		973177AA19F06792000A7046 /* NSPersistentStoreCoordinator+MagicalRecord.m in Sources */ = {isa = PBXBuildFile; fileRef = 9731778419F06792000A7046 /* NSPersistentStoreCoordinator+MagicalRecord.m */; };
		973177AB19F06792000A7046 /* MagicalRecord+Actions.m in Sources */ = {isa = PBXBuildFile; fileRef = 9731778719F06792000A7046 /* MagicalRecord+Actions.m */; };
		973177AC19F06792000A7046 /* MagicalRecord+ErrorHandling.m in Sources */ = {isa = PBXBuildFile; fileRef = 9731778919F06792000A7046 /* MagicalRecord+ErrorHandling.m */; };
		973177AD19F06792000A7046 /* MagicalRecord+iCloud.m in Sources */ = {isa = PBXBuildFile; fileRef = 9731778B19F06792000A7046 /* MagicalRecord+iCloud.m */; };
		973177AE19F06792000A7046 /* MagicalRecord+Options.m in Sources */ = {isa = PBXBuildFile; fileRef = 9731778D19F06792000A7046 /* MagicalRecord+Options.m */; };
		973177AF19F06792000A7046 /* MagicalRecord+Setup.m in Sources */ = {isa = PBXBuildFile; fileRef = 9731778F19F06792000A7046 /* MagicalRecord+Setup.m */; };
		973177B019F06792000A7046 /* MagicalRecord+ShorthandSupport.m in Sources */ = {isa = PBXBuildFile; fileRef = 9731779119F06792000A7046 /* MagicalRecord+ShorthandSupport.m */; };
		973177B119F06792000A7046 /* MagicalRecord.m in Sources */ = {isa = PBXBuildFile; fileRef = 9731779319F06792000A7046 /* MagicalRecord.m */; };
		974A6105196446E800B98C5D /* CommentTableViewCell.m in Sources */ = {isa = PBXBuildFile; fileRef = 974A6104196446E800B98C5D /* CommentTableViewCell.m */; };
		974A61081964A6AB00B98C5D /* Board.m in Sources */ = {isa = PBXBuildFile; fileRef = 974A61071964A6AB00B98C5D /* Board.m */; };
		974A610B196574ED00B98C5D /* CommonViewController.m in Sources */ = {isa = PBXBuildFile; fileRef = 974A610A196574ED00B98C5D /* CommonViewController.m */; };
		974B602019566FA800592B1D /* Declension.m in Sources */ = {isa = PBXBuildFile; fileRef = 974B601F19566FA800592B1D /* Declension.m */; };
		97609023197F3C40009BAAD3 /* CTTextView.m in Sources */ = {isa = PBXBuildFile; fileRef = 97609022197F3C40009BAAD3 /* CTTextView.m */; };
		976090261981DE34009BAAD3 /* PostCell.m in Sources */ = {isa = PBXBuildFile; fileRef = 976090251981DE34009BAAD3 /* PostCell.m */; };
		9772D650195CDAEE00C2A545 /* ThreadData.m in Sources */ = {isa = PBXBuildFile; fileRef = 9772D64F195CDAEE00C2A545 /* ThreadData.m */; };
		977C08C319512CDC00F8F095 /* README.md in Resources */ = {isa = PBXBuildFile; fileRef = 977C08C219512CDC00F8F095 /* README.md */; };
		978A605119394DA5001B3F18 /* CoreText.framework in Frameworks */ = {isa = PBXBuildFile; fileRef = 978A605019394DA5001B3F18 /* CoreText.framework */; };
		979347B5197499A400BD9DDF /* ImageIO.framework in Frameworks */ = {isa = PBXBuildFile; fileRef = 979347B4197499A400BD9DDF /* ImageIO.framework */; };
		979BCD71199233160091C40B /* Constants.m in Sources */ = {isa = PBXBuildFile; fileRef = 979BCD70199233160091C40B /* Constants.m */; };
		97A26CC11941486600D632C5 /* UrlNinja.m in Sources */ = {isa = PBXBuildFile; fileRef = 97A26CC01941486600D632C5 /* UrlNinja.m */; };
		97A26CCA1946741600D632C5 /* TapImageView.m in Sources */ = {isa = PBXBuildFile; fileRef = 97A26CC91946741600D632C5 /* TapImageView.m */; };
		97A26CD319476CDC00D632C5 /* CaptchaFixController.m in Sources */ = {isa = PBXBuildFile; fileRef = 97A26CD219476CDB00D632C5 /* CaptchaFixController.m */; };
		97A26CD51947803D00D632C5 /* CaptchaFixController.xib in Resources */ = {isa = PBXBuildFile; fileRef = 97A26CD41947803D00D632C5 /* CaptchaFixController.xib */; };
		97BDB7D21992442A00500491 /* Media.m in Sources */ = {isa = PBXBuildFile; fileRef = 97BDB7D11992442A00500491 /* Media.m */; };
		97C3D4F1191BC82A008921B5 /* Foundation.framework in Frameworks */ = {isa = PBXBuildFile; fileRef = 97C3D4F0191BC82A008921B5 /* Foundation.framework */; };
		97C3D4F3191BC82A008921B5 /* CoreGraphics.framework in Frameworks */ = {isa = PBXBuildFile; fileRef = 97C3D4F2191BC82A008921B5 /* CoreGraphics.framework */; };
		97C3D4F5191BC82A008921B5 /* UIKit.framework in Frameworks */ = {isa = PBXBuildFile; fileRef = 97C3D4F4191BC82A008921B5 /* UIKit.framework */; };
		97C3D4FB191BC82A008921B5 /* InfoPlist.strings in Resources */ = {isa = PBXBuildFile; fileRef = 97C3D4F9191BC82A008921B5 /* InfoPlist.strings */; };
		97C3D4FD191BC82A008921B5 /* main.m in Sources */ = {isa = PBXBuildFile; fileRef = 97C3D4FC191BC82A008921B5 /* main.m */; };
		97C3D501191BC82A008921B5 /* AppDelegate.m in Sources */ = {isa = PBXBuildFile; fileRef = 97C3D500191BC82A008921B5 /* AppDelegate.m */; };
		97C3D503191BC82A008921B5 /* Images.xcassets in Resources */ = {isa = PBXBuildFile; fileRef = 97C3D502191BC82A008921B5 /* Images.xcassets */; };
		97C3D50A191BC82A008921B5 /* XCTest.framework in Frameworks */ = {isa = PBXBuildFile; fileRef = 97C3D509191BC82A008921B5 /* XCTest.framework */; };
		97C3D50B191BC82A008921B5 /* Foundation.framework in Frameworks */ = {isa = PBXBuildFile; fileRef = 97C3D4F0191BC82A008921B5 /* Foundation.framework */; };
		97C3D50C191BC82A008921B5 /* UIKit.framework in Frameworks */ = {isa = PBXBuildFile; fileRef = 97C3D4F4191BC82A008921B5 /* UIKit.framework */; };
		97C3D514191BC82A008921B5 /* InfoPlist.strings in Resources */ = {isa = PBXBuildFile; fileRef = 97C3D512191BC82A008921B5 /* InfoPlist.strings */; };
		97C3D516191BC82A008921B5 /* m2chTests.m in Sources */ = {isa = PBXBuildFile; fileRef = 97C3D515191BC82A008921B5 /* m2chTests.m */; };
		97C3D520191BC85F008921B5 /* MainStoryboard.storyboard in Resources */ = {isa = PBXBuildFile; fileRef = 97C3D51F191BC85F008921B5 /* MainStoryboard.storyboard */; };
		97C3D523191BCA92008921B5 /* MainViewController.m in Sources */ = {isa = PBXBuildFile; fileRef = 97C3D522191BCA92008921B5 /* MainViewController.m */; };
		97C3D526191BD46B008921B5 /* ThreadViewController.m in Sources */ = {isa = PBXBuildFile; fileRef = 97C3D525191BD46B008921B5 /* ThreadViewController.m */; };
		97C3D529191BD485008921B5 /* BoardViewController.m in Sources */ = {isa = PBXBuildFile; fileRef = 97C3D528191BD485008921B5 /* BoardViewController.m */; };
		97C3D532191BDE92008921B5 /* Post.m in Sources */ = {isa = PBXBuildFile; fileRef = 97C3D531191BDE92008921B5 /* Post.m */; };
		97C3D535191BDEF1008921B5 /* Thread.m in Sources */ = {isa = PBXBuildFile; fileRef = 97C3D534191BDEF1008921B5 /* Thread.m */; };
		97C3D53A191E7FB6008921B5 /* ThreadTableViewCell.m in Sources */ = {isa = PBXBuildFile; fileRef = 97C3D539191E7FB6008921B5 /* ThreadTableViewCell.m */; };
		97CA835219641F65009DA88A /* PostViewController.m in Sources */ = {isa = PBXBuildFile; fileRef = 97CA835119641F65009DA88A /* PostViewController.m */; };
		97CF3F1B19F182060019A938 /* Crashlytics.framework in Frameworks */ = {isa = PBXBuildFile; fileRef = 97CF3F1A19F182060019A938 /* Crashlytics.framework */; };
		97E757001951378A00E76A97 /* .gitignore in Resources */ = {isa = PBXBuildFile; fileRef = 97E756FF1951378A00E76A97 /* .gitignore */; };
		AEB2414BBF56415F917E74E6 /* libPods.a in Frameworks */ = {isa = PBXBuildFile; fileRef = 9805745336464EA7A343A4A2 /* libPods.a */; };
/* End PBXBuildFile section */

/* Begin PBXContainerItemProxy section */
		97C3D50D191BC82A008921B5 /* PBXContainerItemProxy */ = {
			isa = PBXContainerItemProxy;
			containerPortal = 97C3D4E5191BC82A008921B5 /* Project object */;
			proxyType = 1;
			remoteGlobalIDString = 97C3D4EC191BC82A008921B5;
			remoteInfo = m2ch;
		};
/* End PBXContainerItemProxy section */

/* Begin PBXFileReference section */
		1D632ABF8532C7258AFD9EE8 /* Pods.debug.xcconfig */ = {isa = PBXFileReference; includeInIndex = 1; lastKnownFileType = text.xcconfig; name = Pods.debug.xcconfig; path = "Pods/Target Support Files/Pods/Pods.debug.xcconfig"; sourceTree = "<group>"; };
		762DC3CD87334EB0CC4BB22C /* Pods.release.xcconfig */ = {isa = PBXFileReference; includeInIndex = 1; lastKnownFileType = text.xcconfig; name = Pods.release.xcconfig; path = "Pods/Target Support Files/Pods/Pods.release.xcconfig"; sourceTree = "<group>"; };
		848D598B1951714C00773BCF /* Data.xcdatamodel */ = {isa = PBXFileReference; lastKnownFileType = wrapper.xcdatamodel; path = Data.xcdatamodel; sourceTree = "<group>"; };
		848D598D195171C800773BCF /* BoardData.h */ = {isa = PBXFileReference; fileEncoding = 4; lastKnownFileType = sourcecode.c.h; path = BoardData.h; sourceTree = "<group>"; };
		848D598E195171C800773BCF /* BoardData.m */ = {isa = PBXFileReference; fileEncoding = 4; lastKnownFileType = sourcecode.c.objc; path = BoardData.m; sourceTree = "<group>"; };
		9717C0CF198CFFAF00EA72EE /* DateFormatter.h */ = {isa = PBXFileReference; fileEncoding = 4; lastKnownFileType = sourcecode.c.h; path = DateFormatter.h; sourceTree = "<group>"; };
		9717C0D0198CFFAF00EA72EE /* DateFormatter.m */ = {isa = PBXFileReference; fileEncoding = 4; lastKnownFileType = sourcecode.c.objc; path = DateFormatter.m; sourceTree = "<group>"; };
		97183A79192AB607003F429C /* GetRequestViewController.h */ = {isa = PBXFileReference; fileEncoding = 4; lastKnownFileType = sourcecode.c.h; path = GetRequestViewController.h; sourceTree = "<group>"; };
		97183A7A192AB607003F429C /* GetRequestViewController.m */ = {isa = PBXFileReference; fileEncoding = 4; lastKnownFileType = sourcecode.c.objc; path = GetRequestViewController.m; sourceTree = "<group>"; };
		97223086198A2DD800E7C926 /* CommonThreadViewController.h */ = {isa = PBXFileReference; fileEncoding = 4; lastKnownFileType = sourcecode.c.h; path = CommonThreadViewController.h; sourceTree = "<group>"; };
		97223087198A2DD800E7C926 /* CommonThreadViewController.m */ = {isa = PBXFileReference; fileEncoding = 4; lastKnownFileType = sourcecode.c.objc; path = CommonThreadViewController.m; sourceTree = "<group>"; };
		9731775D19F06792000A7046 /* MagicalImportFunctions.h */ = {isa = PBXFileReference; fileEncoding = 4; lastKnownFileType = sourcecode.c.h; path = MagicalImportFunctions.h; sourceTree = "<group>"; };
		9731775E19F06792000A7046 /* MagicalImportFunctions.m */ = {isa = PBXFileReference; fileEncoding = 4; lastKnownFileType = sourcecode.c.objc; path = MagicalImportFunctions.m; sourceTree = "<group>"; };
		9731775F19F06792000A7046 /* NSAttributeDescription+MagicalDataImport.h */ = {isa = PBXFileReference; fileEncoding = 4; lastKnownFileType = sourcecode.c.h; path = "NSAttributeDescription+MagicalDataImport.h"; sourceTree = "<group>"; };
		9731776019F06792000A7046 /* NSAttributeDescription+MagicalDataImport.m */ = {isa = PBXFileReference; fileEncoding = 4; lastKnownFileType = sourcecode.c.objc; path = "NSAttributeDescription+MagicalDataImport.m"; sourceTree = "<group>"; };
		9731776119F06792000A7046 /* NSEntityDescription+MagicalDataImport.h */ = {isa = PBXFileReference; fileEncoding = 4; lastKnownFileType = sourcecode.c.h; path = "NSEntityDescription+MagicalDataImport.h"; sourceTree = "<group>"; };
		9731776219F06792000A7046 /* NSEntityDescription+MagicalDataImport.m */ = {isa = PBXFileReference; fileEncoding = 4; lastKnownFileType = sourcecode.c.objc; path = "NSEntityDescription+MagicalDataImport.m"; sourceTree = "<group>"; };
		9731776319F06792000A7046 /* NSNumber+MagicalDataImport.h */ = {isa = PBXFileReference; fileEncoding = 4; lastKnownFileType = sourcecode.c.h; path = "NSNumber+MagicalDataImport.h"; sourceTree = "<group>"; };
		9731776419F06792000A7046 /* NSNumber+MagicalDataImport.m */ = {isa = PBXFileReference; fileEncoding = 4; lastKnownFileType = sourcecode.c.objc; path = "NSNumber+MagicalDataImport.m"; sourceTree = "<group>"; };
		9731776519F06792000A7046 /* NSObject+MagicalDataImport.h */ = {isa = PBXFileReference; fileEncoding = 4; lastKnownFileType = sourcecode.c.h; path = "NSObject+MagicalDataImport.h"; sourceTree = "<group>"; };
		9731776619F06792000A7046 /* NSObject+MagicalDataImport.m */ = {isa = PBXFileReference; fileEncoding = 4; lastKnownFileType = sourcecode.c.objc; path = "NSObject+MagicalDataImport.m"; sourceTree = "<group>"; };
		9731776719F06792000A7046 /* NSRelationshipDescription+MagicalDataImport.h */ = {isa = PBXFileReference; fileEncoding = 4; lastKnownFileType = sourcecode.c.h; path = "NSRelationshipDescription+MagicalDataImport.h"; sourceTree = "<group>"; };
		9731776819F06792000A7046 /* NSRelationshipDescription+MagicalDataImport.m */ = {isa = PBXFileReference; fileEncoding = 4; lastKnownFileType = sourcecode.c.objc; path = "NSRelationshipDescription+MagicalDataImport.m"; sourceTree = "<group>"; };
		9731776919F06792000A7046 /* NSString+MagicalDataImport.h */ = {isa = PBXFileReference; fileEncoding = 4; lastKnownFileType = sourcecode.c.h; path = "NSString+MagicalDataImport.h"; sourceTree = "<group>"; };
		9731776A19F06792000A7046 /* NSString+MagicalDataImport.m */ = {isa = PBXFileReference; fileEncoding = 4; lastKnownFileType = sourcecode.c.objc; path = "NSString+MagicalDataImport.m"; sourceTree = "<group>"; };
		9731776C19F06792000A7046 /* NSManagedObject+MagicalAggregation.h */ = {isa = PBXFileReference; fileEncoding = 4; lastKnownFileType = sourcecode.c.h; path = "NSManagedObject+MagicalAggregation.h"; sourceTree = "<group>"; };
		9731776D19F06792000A7046 /* NSManagedObject+MagicalAggregation.m */ = {isa = PBXFileReference; fileEncoding = 4; lastKnownFileType = sourcecode.c.objc; path = "NSManagedObject+MagicalAggregation.m"; sourceTree = "<group>"; };
		9731776E19F06792000A7046 /* NSManagedObject+MagicalDataImport.h */ = {isa = PBXFileReference; fileEncoding = 4; lastKnownFileType = sourcecode.c.h; path = "NSManagedObject+MagicalDataImport.h"; sourceTree = "<group>"; };
		9731776F19F06792000A7046 /* NSManagedObject+MagicalDataImport.m */ = {isa = PBXFileReference; fileEncoding = 4; lastKnownFileType = sourcecode.c.objc; path = "NSManagedObject+MagicalDataImport.m"; sourceTree = "<group>"; };
		9731777019F06792000A7046 /* NSManagedObject+MagicalFinders.h */ = {isa = PBXFileReference; fileEncoding = 4; lastKnownFileType = sourcecode.c.h; path = "NSManagedObject+MagicalFinders.h"; sourceTree = "<group>"; };
		9731777119F06792000A7046 /* NSManagedObject+MagicalFinders.m */ = {isa = PBXFileReference; fileEncoding = 4; lastKnownFileType = sourcecode.c.objc; path = "NSManagedObject+MagicalFinders.m"; sourceTree = "<group>"; };
		9731777219F06792000A7046 /* NSManagedObject+MagicalRecord.h */ = {isa = PBXFileReference; fileEncoding = 4; lastKnownFileType = sourcecode.c.h; path = "NSManagedObject+MagicalRecord.h"; sourceTree = "<group>"; };
		9731777319F06792000A7046 /* NSManagedObject+MagicalRecord.m */ = {isa = PBXFileReference; fileEncoding = 4; lastKnownFileType = sourcecode.c.objc; path = "NSManagedObject+MagicalRecord.m"; sourceTree = "<group>"; };
		9731777419F06792000A7046 /* NSManagedObject+MagicalRequests.h */ = {isa = PBXFileReference; fileEncoding = 4; lastKnownFileType = sourcecode.c.h; path = "NSManagedObject+MagicalRequests.h"; sourceTree = "<group>"; };
		9731777519F06792000A7046 /* NSManagedObject+MagicalRequests.m */ = {isa = PBXFileReference; fileEncoding = 4; lastKnownFileType = sourcecode.c.objc; path = "NSManagedObject+MagicalRequests.m"; sourceTree = "<group>"; };
		9731777719F06792000A7046 /* NSManagedObjectContext+MagicalObserving.h */ = {isa = PBXFileReference; fileEncoding = 4; lastKnownFileType = sourcecode.c.h; path = "NSManagedObjectContext+MagicalObserving.h"; sourceTree = "<group>"; };
		9731777819F06792000A7046 /* NSManagedObjectContext+MagicalObserving.m */ = {isa = PBXFileReference; fileEncoding = 4; lastKnownFileType = sourcecode.c.objc; path = "NSManagedObjectContext+MagicalObserving.m"; sourceTree = "<group>"; };
		9731777919F06792000A7046 /* NSManagedObjectContext+MagicalRecord.h */ = {isa = PBXFileReference; fileEncoding = 4; lastKnownFileType = sourcecode.c.h; path = "NSManagedObjectContext+MagicalRecord.h"; sourceTree = "<group>"; };
		9731777A19F06792000A7046 /* NSManagedObjectContext+MagicalRecord.m */ = {isa = PBXFileReference; fileEncoding = 4; lastKnownFileType = sourcecode.c.objc; path = "NSManagedObjectContext+MagicalRecord.m"; sourceTree = "<group>"; };
		9731777B19F06792000A7046 /* NSManagedObjectContext+MagicalSaves.h */ = {isa = PBXFileReference; fileEncoding = 4; lastKnownFileType = sourcecode.c.h; path = "NSManagedObjectContext+MagicalSaves.h"; sourceTree = "<group>"; };
		9731777C19F06792000A7046 /* NSManagedObjectContext+MagicalSaves.m */ = {isa = PBXFileReference; fileEncoding = 4; lastKnownFileType = sourcecode.c.objc; path = "NSManagedObjectContext+MagicalSaves.m"; sourceTree = "<group>"; };
		9731777D19F06792000A7046 /* NSManagedObjectContext+MagicalThreading.h */ = {isa = PBXFileReference; fileEncoding = 4; lastKnownFileType = sourcecode.c.h; path = "NSManagedObjectContext+MagicalThreading.h"; sourceTree = "<group>"; };
		9731777E19F06792000A7046 /* NSManagedObjectContext+MagicalThreading.m */ = {isa = PBXFileReference; fileEncoding = 4; lastKnownFileType = sourcecode.c.objc; path = "NSManagedObjectContext+MagicalThreading.m"; sourceTree = "<group>"; };
		9731777F19F06792000A7046 /* NSManagedObjectModel+MagicalRecord.h */ = {isa = PBXFileReference; fileEncoding = 4; lastKnownFileType = sourcecode.c.h; path = "NSManagedObjectModel+MagicalRecord.h"; sourceTree = "<group>"; };
		9731778019F06792000A7046 /* NSManagedObjectModel+MagicalRecord.m */ = {isa = PBXFileReference; fileEncoding = 4; lastKnownFileType = sourcecode.c.objc; path = "NSManagedObjectModel+MagicalRecord.m"; sourceTree = "<group>"; };
		9731778119F06792000A7046 /* NSPersistentStore+MagicalRecord.h */ = {isa = PBXFileReference; fileEncoding = 4; lastKnownFileType = sourcecode.c.h; path = "NSPersistentStore+MagicalRecord.h"; sourceTree = "<group>"; };
		9731778219F06792000A7046 /* NSPersistentStore+MagicalRecord.m */ = {isa = PBXFileReference; fileEncoding = 4; lastKnownFileType = sourcecode.c.objc; path = "NSPersistentStore+MagicalRecord.m"; sourceTree = "<group>"; };
		9731778319F06792000A7046 /* NSPersistentStoreCoordinator+MagicalRecord.h */ = {isa = PBXFileReference; fileEncoding = 4; lastKnownFileType = sourcecode.c.h; path = "NSPersistentStoreCoordinator+MagicalRecord.h"; sourceTree = "<group>"; };
		9731778419F06792000A7046 /* NSPersistentStoreCoordinator+MagicalRecord.m */ = {isa = PBXFileReference; fileEncoding = 4; lastKnownFileType = sourcecode.c.objc; path = "NSPersistentStoreCoordinator+MagicalRecord.m"; sourceTree = "<group>"; };
		9731778619F06792000A7046 /* MagicalRecord+Actions.h */ = {isa = PBXFileReference; fileEncoding = 4; lastKnownFileType = sourcecode.c.h; path = "MagicalRecord+Actions.h"; sourceTree = "<group>"; };
		9731778719F06792000A7046 /* MagicalRecord+Actions.m */ = {isa = PBXFileReference; fileEncoding = 4; lastKnownFileType = sourcecode.c.objc; path = "MagicalRecord+Actions.m"; sourceTree = "<group>"; };
		9731778819F06792000A7046 /* MagicalRecord+ErrorHandling.h */ = {isa = PBXFileReference; fileEncoding = 4; lastKnownFileType = sourcecode.c.h; path = "MagicalRecord+ErrorHandling.h"; sourceTree = "<group>"; };
		9731778919F06792000A7046 /* MagicalRecord+ErrorHandling.m */ = {isa = PBXFileReference; fileEncoding = 4; lastKnownFileType = sourcecode.c.objc; path = "MagicalRecord+ErrorHandling.m"; sourceTree = "<group>"; };
		9731778A19F06792000A7046 /* MagicalRecord+iCloud.h */ = {isa = PBXFileReference; fileEncoding = 4; lastKnownFileType = sourcecode.c.h; path = "MagicalRecord+iCloud.h"; sourceTree = "<group>"; };
		9731778B19F06792000A7046 /* MagicalRecord+iCloud.m */ = {isa = PBXFileReference; fileEncoding = 4; lastKnownFileType = sourcecode.c.objc; path = "MagicalRecord+iCloud.m"; sourceTree = "<group>"; };
		9731778C19F06792000A7046 /* MagicalRecord+Options.h */ = {isa = PBXFileReference; fileEncoding = 4; lastKnownFileType = sourcecode.c.h; path = "MagicalRecord+Options.h"; sourceTree = "<group>"; };
		9731778D19F06792000A7046 /* MagicalRecord+Options.m */ = {isa = PBXFileReference; fileEncoding = 4; lastKnownFileType = sourcecode.c.objc; path = "MagicalRecord+Options.m"; sourceTree = "<group>"; };
		9731778E19F06792000A7046 /* MagicalRecord+Setup.h */ = {isa = PBXFileReference; fileEncoding = 4; lastKnownFileType = sourcecode.c.h; path = "MagicalRecord+Setup.h"; sourceTree = "<group>"; };
		9731778F19F06792000A7046 /* MagicalRecord+Setup.m */ = {isa = PBXFileReference; fileEncoding = 4; lastKnownFileType = sourcecode.c.objc; path = "MagicalRecord+Setup.m"; sourceTree = "<group>"; };
		9731779019F06792000A7046 /* MagicalRecord+ShorthandSupport.h */ = {isa = PBXFileReference; fileEncoding = 4; lastKnownFileType = sourcecode.c.h; path = "MagicalRecord+ShorthandSupport.h"; sourceTree = "<group>"; };
		9731779119F06792000A7046 /* MagicalRecord+ShorthandSupport.m */ = {isa = PBXFileReference; fileEncoding = 4; lastKnownFileType = sourcecode.c.objc; path = "MagicalRecord+ShorthandSupport.m"; sourceTree = "<group>"; };
		9731779219F06792000A7046 /* MagicalRecord.h */ = {isa = PBXFileReference; fileEncoding = 4; lastKnownFileType = sourcecode.c.h; path = MagicalRecord.h; sourceTree = "<group>"; };
		9731779319F06792000A7046 /* MagicalRecord.m */ = {isa = PBXFileReference; fileEncoding = 4; lastKnownFileType = sourcecode.c.objc; path = MagicalRecord.m; sourceTree = "<group>"; };
		9731779419F06792000A7046 /* MagicalRecordDeprecated.h */ = {isa = PBXFileReference; fileEncoding = 4; lastKnownFileType = sourcecode.c.h; path = MagicalRecordDeprecated.h; sourceTree = "<group>"; };
		9731779519F06792000A7046 /* MagicalRecordLogging.h */ = {isa = PBXFileReference; fileEncoding = 4; lastKnownFileType = sourcecode.c.h; path = MagicalRecordLogging.h; sourceTree = "<group>"; };
		9731779619F06792000A7046 /* MagicalRecordShorthand.h */ = {isa = PBXFileReference; fileEncoding = 4; lastKnownFileType = sourcecode.c.h; path = MagicalRecordShorthand.h; sourceTree = "<group>"; };
		9731779719F06792000A7046 /* CoreData+MagicalRecord.h */ = {isa = PBXFileReference; fileEncoding = 4; lastKnownFileType = sourcecode.c.h; path = "CoreData+MagicalRecord.h"; sourceTree = "<group>"; };
		974A6103196446E800B98C5D /* CommentTableViewCell.h */ = {isa = PBXFileReference; fileEncoding = 4; lastKnownFileType = sourcecode.c.h; path = CommentTableViewCell.h; sourceTree = "<group>"; };
		974A6104196446E800B98C5D /* CommentTableViewCell.m */ = {isa = PBXFileReference; fileEncoding = 4; lastKnownFileType = sourcecode.c.objc; path = CommentTableViewCell.m; sourceTree = "<group>"; };
		974A61061964A6AB00B98C5D /* Board.h */ = {isa = PBXFileReference; fileEncoding = 4; lastKnownFileType = sourcecode.c.h; path = Board.h; sourceTree = "<group>"; };
		974A61071964A6AB00B98C5D /* Board.m */ = {isa = PBXFileReference; fileEncoding = 4; lastKnownFileType = sourcecode.c.objc; path = Board.m; sourceTree = "<group>"; };
		974A6109196574ED00B98C5D /* CommonViewController.h */ = {isa = PBXFileReference; fileEncoding = 4; lastKnownFileType = sourcecode.c.h; path = CommonViewController.h; sourceTree = "<group>"; };
		974A610A196574ED00B98C5D /* CommonViewController.m */ = {isa = PBXFileReference; fileEncoding = 4; lastKnownFileType = sourcecode.c.objc; path = CommonViewController.m; sourceTree = "<group>"; };
		974B601E19566FA800592B1D /* Declension.h */ = {isa = PBXFileReference; fileEncoding = 4; lastKnownFileType = sourcecode.c.h; path = Declension.h; sourceTree = "<group>"; };
		974B601F19566FA800592B1D /* Declension.m */ = {isa = PBXFileReference; fileEncoding = 4; lastKnownFileType = sourcecode.c.objc; path = Declension.m; sourceTree = "<group>"; };
		97609021197F3C40009BAAD3 /* CTTextView.h */ = {isa = PBXFileReference; fileEncoding = 4; lastKnownFileType = sourcecode.c.h; path = CTTextView.h; sourceTree = "<group>"; };
		97609022197F3C40009BAAD3 /* CTTextView.m */ = {isa = PBXFileReference; fileEncoding = 4; lastKnownFileType = sourcecode.c.objc; path = CTTextView.m; sourceTree = "<group>"; };
		976090241981DE34009BAAD3 /* PostCell.h */ = {isa = PBXFileReference; fileEncoding = 4; lastKnownFileType = sourcecode.c.h; path = PostCell.h; sourceTree = "<group>"; };
		976090251981DE34009BAAD3 /* PostCell.m */ = {isa = PBXFileReference; fileEncoding = 4; lastKnownFileType = sourcecode.c.objc; path = PostCell.m; sourceTree = "<group>"; };
		9772D64E195CDAEE00C2A545 /* ThreadData.h */ = {isa = PBXFileReference; fileEncoding = 4; lastKnownFileType = sourcecode.c.h; path = ThreadData.h; sourceTree = "<group>"; };
		9772D64F195CDAEE00C2A545 /* ThreadData.m */ = {isa = PBXFileReference; fileEncoding = 4; lastKnownFileType = sourcecode.c.objc; path = ThreadData.m; sourceTree = "<group>"; };
		977C08C219512CDC00F8F095 /* README.md */ = {isa = PBXFileReference; fileEncoding = 4; lastKnownFileType = text; path = README.md; sourceTree = "<group>"; };
		978A605019394DA5001B3F18 /* CoreText.framework */ = {isa = PBXFileReference; lastKnownFileType = wrapper.framework; name = CoreText.framework; path = System/Library/Frameworks/CoreText.framework; sourceTree = SDKROOT; };
		979347B4197499A400BD9DDF /* ImageIO.framework */ = {isa = PBXFileReference; lastKnownFileType = wrapper.framework; name = ImageIO.framework; path = System/Library/Frameworks/ImageIO.framework; sourceTree = SDKROOT; };
		979BCD70199233160091C40B /* Constants.m */ = {isa = PBXFileReference; fileEncoding = 4; lastKnownFileType = sourcecode.c.objc; path = Constants.m; sourceTree = "<group>"; };
		97A26CB01940B08600D632C5 /* libxml2.dylib */ = {isa = PBXFileReference; lastKnownFileType = "compiled.mach-o.dylib"; name = libxml2.dylib; path = usr/lib/libxml2.dylib; sourceTree = SDKROOT; };
		97A26CBF1941486600D632C5 /* UrlNinja.h */ = {isa = PBXFileReference; fileEncoding = 4; lastKnownFileType = sourcecode.c.h; path = UrlNinja.h; sourceTree = "<group>"; };
		97A26CC01941486600D632C5 /* UrlNinja.m */ = {isa = PBXFileReference; fileEncoding = 4; lastKnownFileType = sourcecode.c.objc; path = UrlNinja.m; sourceTree = "<group>"; };
		97A26CC81946741600D632C5 /* TapImageView.h */ = {isa = PBXFileReference; fileEncoding = 4; lastKnownFileType = sourcecode.c.h; path = TapImageView.h; sourceTree = "<group>"; };
		97A26CC91946741600D632C5 /* TapImageView.m */ = {isa = PBXFileReference; fileEncoding = 4; lastKnownFileType = sourcecode.c.objc; path = TapImageView.m; sourceTree = "<group>"; };
		97A26CD119476CDB00D632C5 /* CaptchaFixController.h */ = {isa = PBXFileReference; fileEncoding = 4; lastKnownFileType = sourcecode.c.h; path = CaptchaFixController.h; sourceTree = "<group>"; };
		97A26CD219476CDB00D632C5 /* CaptchaFixController.m */ = {isa = PBXFileReference; fileEncoding = 4; lastKnownFileType = sourcecode.c.objc; path = CaptchaFixController.m; sourceTree = "<group>"; };
		97A26CD41947803D00D632C5 /* CaptchaFixController.xib */ = {isa = PBXFileReference; fileEncoding = 4; lastKnownFileType = file.xib; path = CaptchaFixController.xib; sourceTree = "<group>"; };
		97AE76D419226CF7007139A6 /* Podfile */ = {isa = PBXFileReference; lastKnownFileType = text; name = Podfile; path = ../Podfile; sourceTree = "<group>"; xcLanguageSpecificationIdentifier = xcode.lang.ruby; };
		97B8917E197D5AC60024EADB /* Constants.h */ = {isa = PBXFileReference; lastKnownFileType = sourcecode.c.h; path = Constants.h; sourceTree = "<group>"; };
		97BDB7D01992442A00500491 /* Media.h */ = {isa = PBXFileReference; fileEncoding = 4; lastKnownFileType = sourcecode.c.h; path = Media.h; sourceTree = "<group>"; };
		97BDB7D11992442A00500491 /* Media.m */ = {isa = PBXFileReference; fileEncoding = 4; lastKnownFileType = sourcecode.c.objc; path = Media.m; sourceTree = "<group>"; };
		97C3D4ED191BC82A008921B5 /* Tabula.app */ = {isa = PBXFileReference; explicitFileType = wrapper.application; includeInIndex = 0; path = Tabula.app; sourceTree = BUILT_PRODUCTS_DIR; };
		97C3D4F0191BC82A008921B5 /* Foundation.framework */ = {isa = PBXFileReference; lastKnownFileType = wrapper.framework; name = Foundation.framework; path = System/Library/Frameworks/Foundation.framework; sourceTree = SDKROOT; };
		97C3D4F2191BC82A008921B5 /* CoreGraphics.framework */ = {isa = PBXFileReference; lastKnownFileType = wrapper.framework; name = CoreGraphics.framework; path = System/Library/Frameworks/CoreGraphics.framework; sourceTree = SDKROOT; };
		97C3D4F4191BC82A008921B5 /* UIKit.framework */ = {isa = PBXFileReference; lastKnownFileType = wrapper.framework; name = UIKit.framework; path = System/Library/Frameworks/UIKit.framework; sourceTree = SDKROOT; };
		97C3D4F8191BC82A008921B5 /* Tabula-Info.plist */ = {isa = PBXFileReference; lastKnownFileType = text.plist.xml; path = "Tabula-Info.plist"; sourceTree = "<group>"; };
		97C3D4FA191BC82A008921B5 /* en */ = {isa = PBXFileReference; lastKnownFileType = text.plist.strings; name = en; path = en.lproj/InfoPlist.strings; sourceTree = "<group>"; };
		97C3D4FC191BC82A008921B5 /* main.m */ = {isa = PBXFileReference; lastKnownFileType = sourcecode.c.objc; path = main.m; sourceTree = "<group>"; };
		97C3D4FE191BC82A008921B5 /* Tabula-Prefix.pch */ = {isa = PBXFileReference; lastKnownFileType = sourcecode.c.h; path = "Tabula-Prefix.pch"; sourceTree = "<group>"; };
		97C3D4FF191BC82A008921B5 /* AppDelegate.h */ = {isa = PBXFileReference; lastKnownFileType = sourcecode.c.h; path = AppDelegate.h; sourceTree = "<group>"; };
		97C3D500191BC82A008921B5 /* AppDelegate.m */ = {isa = PBXFileReference; lastKnownFileType = sourcecode.c.objc; path = AppDelegate.m; sourceTree = "<group>"; };
		97C3D502191BC82A008921B5 /* Images.xcassets */ = {isa = PBXFileReference; lastKnownFileType = folder.assetcatalog; path = Images.xcassets; sourceTree = "<group>"; };
		97C3D508191BC82A008921B5 /* TabulaTests.xctest */ = {isa = PBXFileReference; explicitFileType = wrapper.cfbundle; includeInIndex = 0; path = TabulaTests.xctest; sourceTree = BUILT_PRODUCTS_DIR; };
		97C3D509191BC82A008921B5 /* XCTest.framework */ = {isa = PBXFileReference; lastKnownFileType = wrapper.framework; name = XCTest.framework; path = Library/Frameworks/XCTest.framework; sourceTree = DEVELOPER_DIR; };
		97C3D511191BC82A008921B5 /* TabulaTests-Info.plist */ = {isa = PBXFileReference; lastKnownFileType = text.plist.xml; path = "TabulaTests-Info.plist"; sourceTree = "<group>"; };
		97C3D513191BC82A008921B5 /* en */ = {isa = PBXFileReference; lastKnownFileType = text.plist.strings; name = en; path = en.lproj/InfoPlist.strings; sourceTree = "<group>"; };
		97C3D515191BC82A008921B5 /* m2chTests.m */ = {isa = PBXFileReference; lastKnownFileType = sourcecode.c.objc; path = m2chTests.m; sourceTree = "<group>"; };
		97C3D51F191BC85F008921B5 /* MainStoryboard.storyboard */ = {isa = PBXFileReference; fileEncoding = 4; lastKnownFileType = file.storyboard; path = MainStoryboard.storyboard; sourceTree = "<group>"; };
		97C3D521191BCA92008921B5 /* MainViewController.h */ = {isa = PBXFileReference; fileEncoding = 4; lastKnownFileType = sourcecode.c.h; path = MainViewController.h; sourceTree = "<group>"; };
		97C3D522191BCA92008921B5 /* MainViewController.m */ = {isa = PBXFileReference; fileEncoding = 4; lastKnownFileType = sourcecode.c.objc; path = MainViewController.m; sourceTree = "<group>"; };
		97C3D524191BD46B008921B5 /* ThreadViewController.h */ = {isa = PBXFileReference; fileEncoding = 4; lastKnownFileType = sourcecode.c.h; path = ThreadViewController.h; sourceTree = "<group>"; };
		97C3D525191BD46B008921B5 /* ThreadViewController.m */ = {isa = PBXFileReference; fileEncoding = 4; lastKnownFileType = sourcecode.c.objc; path = ThreadViewController.m; sourceTree = "<group>"; };
		97C3D527191BD485008921B5 /* BoardViewController.h */ = {isa = PBXFileReference; fileEncoding = 4; lastKnownFileType = sourcecode.c.h; path = BoardViewController.h; sourceTree = "<group>"; };
		97C3D528191BD485008921B5 /* BoardViewController.m */ = {isa = PBXFileReference; fileEncoding = 4; lastKnownFileType = sourcecode.c.objc; path = BoardViewController.m; sourceTree = "<group>"; };
		97C3D530191BDE92008921B5 /* Post.h */ = {isa = PBXFileReference; fileEncoding = 4; lastKnownFileType = sourcecode.c.h; path = Post.h; sourceTree = "<group>"; };
		97C3D531191BDE92008921B5 /* Post.m */ = {isa = PBXFileReference; fileEncoding = 4; lastKnownFileType = sourcecode.c.objc; path = Post.m; sourceTree = "<group>"; };
		97C3D533191BDEF1008921B5 /* Thread.h */ = {isa = PBXFileReference; fileEncoding = 4; lastKnownFileType = sourcecode.c.h; path = Thread.h; sourceTree = "<group>"; };
		97C3D534191BDEF1008921B5 /* Thread.m */ = {isa = PBXFileReference; fileEncoding = 4; lastKnownFileType = sourcecode.c.objc; path = Thread.m; sourceTree = "<group>"; };
		97C3D538191E7FB6008921B5 /* ThreadTableViewCell.h */ = {isa = PBXFileReference; fileEncoding = 4; lastKnownFileType = sourcecode.c.h; path = ThreadTableViewCell.h; sourceTree = "<group>"; };
		97C3D539191E7FB6008921B5 /* ThreadTableViewCell.m */ = {isa = PBXFileReference; fileEncoding = 4; lastKnownFileType = sourcecode.c.objc; path = ThreadTableViewCell.m; sourceTree = "<group>"; };
		97CA835019641F65009DA88A /* PostViewController.h */ = {isa = PBXFileReference; fileEncoding = 4; lastKnownFileType = sourcecode.c.h; path = PostViewController.h; sourceTree = "<group>"; };
		97CA835119641F65009DA88A /* PostViewController.m */ = {isa = PBXFileReference; fileEncoding = 4; lastKnownFileType = sourcecode.c.objc; path = PostViewController.m; sourceTree = "<group>"; };
		97CF3F1A19F182060019A938 /* Crashlytics.framework */ = {isa = PBXFileReference; lastKnownFileType = wrapper.framework; path = Crashlytics.framework; sourceTree = "<group>"; };
		97E756FF1951378A00E76A97 /* .gitignore */ = {isa = PBXFileReference; fileEncoding = 4; lastKnownFileType = text; path = .gitignore; sourceTree = "<group>"; };
		9805745336464EA7A343A4A2 /* libPods.a */ = {isa = PBXFileReference; explicitFileType = archive.ar; includeInIndex = 0; path = libPods.a; sourceTree = BUILT_PRODUCTS_DIR; };
/* End PBXFileReference section */

/* Begin PBXFrameworksBuildPhase section */
		97C3D4EA191BC82A008921B5 /* Frameworks */ = {
			isa = PBXFrameworksBuildPhase;
			buildActionMask = 2147483647;
			files = (
				979347B5197499A400BD9DDF /* ImageIO.framework in Frameworks */,
				978A605119394DA5001B3F18 /* CoreText.framework in Frameworks */,
				97C3D4F3191BC82A008921B5 /* CoreGraphics.framework in Frameworks */,
				97C3D4F5191BC82A008921B5 /* UIKit.framework in Frameworks */,
				97C3D4F1191BC82A008921B5 /* Foundation.framework in Frameworks */,
				AEB2414BBF56415F917E74E6 /* libPods.a in Frameworks */,
				97CF3F1B19F182060019A938 /* Crashlytics.framework in Frameworks */,
			);
			runOnlyForDeploymentPostprocessing = 0;
		};
		97C3D505191BC82A008921B5 /* Frameworks */ = {
			isa = PBXFrameworksBuildPhase;
			buildActionMask = 2147483647;
			files = (
				97C3D50A191BC82A008921B5 /* XCTest.framework in Frameworks */,
				97C3D50C191BC82A008921B5 /* UIKit.framework in Frameworks */,
				97C3D50B191BC82A008921B5 /* Foundation.framework in Frameworks */,
			);
			runOnlyForDeploymentPostprocessing = 0;
		};
/* End PBXFrameworksBuildPhase section */

/* Begin PBXGroup section */
		6B7B5C9B6FB2C85B3EB2C5BF /* Pods */ = {
			isa = PBXGroup;
			children = (
				1D632ABF8532C7258AFD9EE8 /* Pods.debug.xcconfig */,
				762DC3CD87334EB0CC4BB22C /* Pods.release.xcconfig */,
			);
			name = Pods;
			sourceTree = "<group>";
		};
		9731775A19F06792000A7046 /* MagicalRecord */ = {
			isa = PBXGroup;
			children = (
				9731775B19F06792000A7046 /* Categories */,
				9731778519F06792000A7046 /* Core */,
				9731779719F06792000A7046 /* CoreData+MagicalRecord.h */,
			);
			path = MagicalRecord;
			sourceTree = "<group>";
		};
		9731775B19F06792000A7046 /* Categories */ = {
			isa = PBXGroup;
			children = (
				9731775C19F06792000A7046 /* DataImport */,
				9731776B19F06792000A7046 /* NSManagedObject */,
				9731777619F06792000A7046 /* NSManagedObjectContext */,
				9731777F19F06792000A7046 /* NSManagedObjectModel+MagicalRecord.h */,
				9731778019F06792000A7046 /* NSManagedObjectModel+MagicalRecord.m */,
				9731778119F06792000A7046 /* NSPersistentStore+MagicalRecord.h */,
				9731778219F06792000A7046 /* NSPersistentStore+MagicalRecord.m */,
				9731778319F06792000A7046 /* NSPersistentStoreCoordinator+MagicalRecord.h */,
				9731778419F06792000A7046 /* NSPersistentStoreCoordinator+MagicalRecord.m */,
			);
			path = Categories;
			sourceTree = "<group>";
		};
		9731775C19F06792000A7046 /* DataImport */ = {
			isa = PBXGroup;
			children = (
				9731775D19F06792000A7046 /* MagicalImportFunctions.h */,
				9731775E19F06792000A7046 /* MagicalImportFunctions.m */,
				9731775F19F06792000A7046 /* NSAttributeDescription+MagicalDataImport.h */,
				9731776019F06792000A7046 /* NSAttributeDescription+MagicalDataImport.m */,
				9731776119F06792000A7046 /* NSEntityDescription+MagicalDataImport.h */,
				9731776219F06792000A7046 /* NSEntityDescription+MagicalDataImport.m */,
				9731776319F06792000A7046 /* NSNumber+MagicalDataImport.h */,
				9731776419F06792000A7046 /* NSNumber+MagicalDataImport.m */,
				9731776519F06792000A7046 /* NSObject+MagicalDataImport.h */,
				9731776619F06792000A7046 /* NSObject+MagicalDataImport.m */,
				9731776719F06792000A7046 /* NSRelationshipDescription+MagicalDataImport.h */,
				9731776819F06792000A7046 /* NSRelationshipDescription+MagicalDataImport.m */,
				9731776919F06792000A7046 /* NSString+MagicalDataImport.h */,
				9731776A19F06792000A7046 /* NSString+MagicalDataImport.m */,
			);
			path = DataImport;
			sourceTree = "<group>";
		};
		9731776B19F06792000A7046 /* NSManagedObject */ = {
			isa = PBXGroup;
			children = (
				9731776C19F06792000A7046 /* NSManagedObject+MagicalAggregation.h */,
				9731776D19F06792000A7046 /* NSManagedObject+MagicalAggregation.m */,
				9731776E19F06792000A7046 /* NSManagedObject+MagicalDataImport.h */,
				9731776F19F06792000A7046 /* NSManagedObject+MagicalDataImport.m */,
				9731777019F06792000A7046 /* NSManagedObject+MagicalFinders.h */,
				9731777119F06792000A7046 /* NSManagedObject+MagicalFinders.m */,
				9731777219F06792000A7046 /* NSManagedObject+MagicalRecord.h */,
				9731777319F06792000A7046 /* NSManagedObject+MagicalRecord.m */,
				9731777419F06792000A7046 /* NSManagedObject+MagicalRequests.h */,
				9731777519F06792000A7046 /* NSManagedObject+MagicalRequests.m */,
			);
			path = NSManagedObject;
			sourceTree = "<group>";
		};
		9731777619F06792000A7046 /* NSManagedObjectContext */ = {
			isa = PBXGroup;
			children = (
				9731777719F06792000A7046 /* NSManagedObjectContext+MagicalObserving.h */,
				9731777819F06792000A7046 /* NSManagedObjectContext+MagicalObserving.m */,
				9731777919F06792000A7046 /* NSManagedObjectContext+MagicalRecord.h */,
				9731777A19F06792000A7046 /* NSManagedObjectContext+MagicalRecord.m */,
				9731777B19F06792000A7046 /* NSManagedObjectContext+MagicalSaves.h */,
				9731777C19F06792000A7046 /* NSManagedObjectContext+MagicalSaves.m */,
				9731777D19F06792000A7046 /* NSManagedObjectContext+MagicalThreading.h */,
				9731777E19F06792000A7046 /* NSManagedObjectContext+MagicalThreading.m */,
			);
			path = NSManagedObjectContext;
			sourceTree = "<group>";
		};
		9731778519F06792000A7046 /* Core */ = {
			isa = PBXGroup;
			children = (
				9731778619F06792000A7046 /* MagicalRecord+Actions.h */,
				9731778719F06792000A7046 /* MagicalRecord+Actions.m */,
				9731778819F06792000A7046 /* MagicalRecord+ErrorHandling.h */,
				9731778919F06792000A7046 /* MagicalRecord+ErrorHandling.m */,
				9731778A19F06792000A7046 /* MagicalRecord+iCloud.h */,
				9731778B19F06792000A7046 /* MagicalRecord+iCloud.m */,
				9731778C19F06792000A7046 /* MagicalRecord+Options.h */,
				9731778D19F06792000A7046 /* MagicalRecord+Options.m */,
				9731778E19F06792000A7046 /* MagicalRecord+Setup.h */,
				9731778F19F06792000A7046 /* MagicalRecord+Setup.m */,
				9731779019F06792000A7046 /* MagicalRecord+ShorthandSupport.h */,
				9731779119F06792000A7046 /* MagicalRecord+ShorthandSupport.m */,
				9731779219F06792000A7046 /* MagicalRecord.h */,
				9731779319F06792000A7046 /* MagicalRecord.m */,
				9731779419F06792000A7046 /* MagicalRecordDeprecated.h */,
				9731779519F06792000A7046 /* MagicalRecordLogging.h */,
				9731779619F06792000A7046 /* MagicalRecordShorthand.h */,
			);
			path = Core;
			sourceTree = "<group>";
		};
		973177B219F067A8000A7046 /* Libs */ = {
			isa = PBXGroup;
			children = (
				9731775A19F06792000A7046 /* MagicalRecord */,
			);
			name = Libs;
			sourceTree = "<group>";
		};
		979347BA19749D9200BD9DDF /* Database */ = {
			isa = PBXGroup;
			children = (
				848D598D195171C800773BCF /* BoardData.h */,
				848D598E195171C800773BCF /* BoardData.m */,
				9772D64E195CDAEE00C2A545 /* ThreadData.h */,
				9772D64F195CDAEE00C2A545 /* ThreadData.m */,
				848D598A1951714C00773BCF /* Data.xcdatamodeld */,
			);
			name = Database;
			sourceTree = "<group>";
		};
		97A26CC31943565C00D632C5 /* Model */ = {
			isa = PBXGroup;
			children = (
				97B8917E197D5AC60024EADB /* Constants.h */,
				979BCD70199233160091C40B /* Constants.m */,
				974A61061964A6AB00B98C5D /* Board.h */,
				974A61071964A6AB00B98C5D /* Board.m */,
				97C3D533191BDEF1008921B5 /* Thread.h */,
				97C3D534191BDEF1008921B5 /* Thread.m */,
				97C3D530191BDE92008921B5 /* Post.h */,
				97C3D531191BDE92008921B5 /* Post.m */,
				97BDB7D01992442A00500491 /* Media.h */,
				97BDB7D11992442A00500491 /* Media.m */,
				97A26CBF1941486600D632C5 /* UrlNinja.h */,
				97A26CC01941486600D632C5 /* UrlNinja.m */,
				974B601E19566FA800592B1D /* Declension.h */,
				974B601F19566FA800592B1D /* Declension.m */,
				9717C0CF198CFFAF00EA72EE /* DateFormatter.h */,
				9717C0D0198CFFAF00EA72EE /* DateFormatter.m */,
			);
			name = Model;
			sourceTree = "<group>";
		};
		97A26CC41943567C00D632C5 /* Controllers */ = {
			isa = PBXGroup;
			children = (
				974A6109196574ED00B98C5D /* CommonViewController.h */,
				974A610A196574ED00B98C5D /* CommonViewController.m */,
				97223086198A2DD800E7C926 /* CommonThreadViewController.h */,
				97223087198A2DD800E7C926 /* CommonThreadViewController.m */,
				97C3D521191BCA92008921B5 /* MainViewController.h */,
				97C3D522191BCA92008921B5 /* MainViewController.m */,
				97C3D527191BD485008921B5 /* BoardViewController.h */,
				97C3D528191BD485008921B5 /* BoardViewController.m */,
				97C3D524191BD46B008921B5 /* ThreadViewController.h */,
				97C3D525191BD46B008921B5 /* ThreadViewController.m */,
				97CA835019641F65009DA88A /* PostViewController.h */,
				97CA835119641F65009DA88A /* PostViewController.m */,
				97183A79192AB607003F429C /* GetRequestViewController.h */,
				97183A7A192AB607003F429C /* GetRequestViewController.m */,
				97A26CD119476CDB00D632C5 /* CaptchaFixController.h */,
				97A26CD219476CDB00D632C5 /* CaptchaFixController.m */,
				97A26CD41947803D00D632C5 /* CaptchaFixController.xib */,
			);
			name = Controllers;
			sourceTree = "<group>";
		};
		97A26CC51943569000D632C5 /* Views */ = {
			isa = PBXGroup;
			children = (
				976090241981DE34009BAAD3 /* PostCell.h */,
				976090251981DE34009BAAD3 /* PostCell.m */,
				97A26CC81946741600D632C5 /* TapImageView.h */,
				97A26CC91946741600D632C5 /* TapImageView.m */,
				97609021197F3C40009BAAD3 /* CTTextView.h */,
				97609022197F3C40009BAAD3 /* CTTextView.m */,
				97C3D538191E7FB6008921B5 /* ThreadTableViewCell.h */,
				97C3D539191E7FB6008921B5 /* ThreadTableViewCell.m */,
				974A6103196446E800B98C5D /* CommentTableViewCell.h */,
				974A6104196446E800B98C5D /* CommentTableViewCell.m */,
			);
			name = Views;
			sourceTree = "<group>";
		};
		97C3D4E4191BC82A008921B5 = {
			isa = PBXGroup;
			children = (
				97C3D4F6191BC82A008921B5 /* Tabula */,
				97C3D50F191BC82A008921B5 /* TabulaTests */,
				97C3D4EF191BC82A008921B5 /* Frameworks */,
				973177B219F067A8000A7046 /* Libs */,
				97C3D4EE191BC82A008921B5 /* Products */,
				97E756FF1951378A00E76A97 /* .gitignore */,
				977C08C219512CDC00F8F095 /* README.md */,
				6B7B5C9B6FB2C85B3EB2C5BF /* Pods */,
			);
			sourceTree = "<group>";
		};
		97C3D4EE191BC82A008921B5 /* Products */ = {
			isa = PBXGroup;
			children = (
				97C3D4ED191BC82A008921B5 /* Tabula.app */,
				97C3D508191BC82A008921B5 /* TabulaTests.xctest */,
			);
			name = Products;
			sourceTree = "<group>";
		};
		97C3D4EF191BC82A008921B5 /* Frameworks */ = {
			isa = PBXGroup;
			children = (
				97CF3F1A19F182060019A938 /* Crashlytics.framework */,
				979347B4197499A400BD9DDF /* ImageIO.framework */,
				978A605019394DA5001B3F18 /* CoreText.framework */,
				97C3D4F0191BC82A008921B5 /* Foundation.framework */,
				97C3D4F2191BC82A008921B5 /* CoreGraphics.framework */,
				97C3D4F4191BC82A008921B5 /* UIKit.framework */,
				97C3D509191BC82A008921B5 /* XCTest.framework */,
				9805745336464EA7A343A4A2 /* libPods.a */,
				97A26CB01940B08600D632C5 /* libxml2.dylib */,
			);
			name = Frameworks;
			sourceTree = "<group>";
		};
		97C3D4F6191BC82A008921B5 /* Tabula */ = {
			isa = PBXGroup;
			children = (
				979347BA19749D9200BD9DDF /* Database */,
				97A26CC31943565C00D632C5 /* Model */,
				97A26CC41943567C00D632C5 /* Controllers */,
				97A26CC51943569000D632C5 /* Views */,
				97C3D51F191BC85F008921B5 /* MainStoryboard.storyboard */,
				97C3D502191BC82A008921B5 /* Images.xcassets */,
				97AE76D419226CF7007139A6 /* Podfile */,
				97C3D4F7191BC82A008921B5 /* Supporting Files */,
			);
			name = Tabula;
			path = m2ch;
			sourceTree = "<group>";
		};
		97C3D4F7191BC82A008921B5 /* Supporting Files */ = {
			isa = PBXGroup;
			children = (
				97C3D4FF191BC82A008921B5 /* AppDelegate.h */,
				97C3D500191BC82A008921B5 /* AppDelegate.m */,
				97C3D4F8191BC82A008921B5 /* Tabula-Info.plist */,
				97C3D4F9191BC82A008921B5 /* InfoPlist.strings */,
				97C3D4FC191BC82A008921B5 /* main.m */,
				97C3D4FE191BC82A008921B5 /* Tabula-Prefix.pch */,
			);
			name = "Supporting Files";
			sourceTree = "<group>";
		};
		97C3D50F191BC82A008921B5 /* TabulaTests */ = {
			isa = PBXGroup;
			children = (
				97C3D515191BC82A008921B5 /* m2chTests.m */,
				97C3D510191BC82A008921B5 /* Supporting Files */,
			);
			name = TabulaTests;
			path = m2chTests;
			sourceTree = "<group>";
		};
		97C3D510191BC82A008921B5 /* Supporting Files */ = {
			isa = PBXGroup;
			children = (
				97C3D511191BC82A008921B5 /* TabulaTests-Info.plist */,
				97C3D512191BC82A008921B5 /* InfoPlist.strings */,
			);
			name = "Supporting Files";
			sourceTree = "<group>";
		};
/* End PBXGroup section */

/* Begin PBXNativeTarget section */
		97C3D4EC191BC82A008921B5 /* Tabula */ = {
			isa = PBXNativeTarget;
			buildConfigurationList = 97C3D519191BC82A008921B5 /* Build configuration list for PBXNativeTarget "Tabula" */;
			buildPhases = (
				C11C00B0D54A4EE7B62F90A0 /* Check Pods Manifest.lock */,
				97C3D4E9191BC82A008921B5 /* Sources */,
				97C3D4EA191BC82A008921B5 /* Frameworks */,
				97C3D4EB191BC82A008921B5 /* Resources */,
				1B16935E8D3543A7A3FDC8CE /* Copy Pods Resources */,
				97B89180197DCA2C0024EADB /* ShellScript */,
			);
			buildRules = (
			);
			dependencies = (
			);
			name = Tabula;
			productName = m2ch;
			productReference = 97C3D4ED191BC82A008921B5 /* Tabula.app */;
			productType = "com.apple.product-type.application";
		};
		97C3D507191BC82A008921B5 /* TabulaTests */ = {
			isa = PBXNativeTarget;
			buildConfigurationList = 97C3D51C191BC82A008921B5 /* Build configuration list for PBXNativeTarget "TabulaTests" */;
			buildPhases = (
				97C3D504191BC82A008921B5 /* Sources */,
				97C3D505191BC82A008921B5 /* Frameworks */,
				97C3D506191BC82A008921B5 /* Resources */,
			);
			buildRules = (
			);
			dependencies = (
				97C3D50E191BC82A008921B5 /* PBXTargetDependency */,
			);
			name = TabulaTests;
			productName = m2chTests;
			productReference = 97C3D508191BC82A008921B5 /* TabulaTests.xctest */;
			productType = "com.apple.product-type.bundle.unit-test";
		};
/* End PBXNativeTarget section */

/* Begin PBXProject section */
		97C3D4E5191BC82A008921B5 /* Project object */ = {
			isa = PBXProject;
			attributes = {
				LastUpgradeCheck = 0510;
				ORGANIZATIONNAME = "Alexander Tewpin";
				TargetAttributes = {
					97C3D4EC191BC82A008921B5 = {
						DevelopmentTeam = 6PVMJV8LPQ;
					};
					97C3D507191BC82A008921B5 = {
						TestTargetID = 97C3D4EC191BC82A008921B5;
					};
				};
			};
			buildConfigurationList = 97C3D4E8191BC82A008921B5 /* Build configuration list for PBXProject "Tabula" */;
			compatibilityVersion = "Xcode 3.2";
			developmentRegion = English;
			hasScannedForEncodings = 0;
			knownRegions = (
				en,
			);
			mainGroup = 97C3D4E4191BC82A008921B5;
			productRefGroup = 97C3D4EE191BC82A008921B5 /* Products */;
			projectDirPath = "";
			projectRoot = "";
			targets = (
				97C3D4EC191BC82A008921B5 /* Tabula */,
				97C3D507191BC82A008921B5 /* TabulaTests */,
			);
		};
/* End PBXProject section */

/* Begin PBXResourcesBuildPhase section */
		97C3D4EB191BC82A008921B5 /* Resources */ = {
			isa = PBXResourcesBuildPhase;
			buildActionMask = 2147483647;
			files = (
				97E757001951378A00E76A97 /* .gitignore in Resources */,
				97C3D520191BC85F008921B5 /* MainStoryboard.storyboard in Resources */,
				97C3D4FB191BC82A008921B5 /* InfoPlist.strings in Resources */,
				977C08C319512CDC00F8F095 /* README.md in Resources */,
				97A26CD51947803D00D632C5 /* CaptchaFixController.xib in Resources */,
				97C3D503191BC82A008921B5 /* Images.xcassets in Resources */,
			);
			runOnlyForDeploymentPostprocessing = 0;
		};
		97C3D506191BC82A008921B5 /* Resources */ = {
			isa = PBXResourcesBuildPhase;
			buildActionMask = 2147483647;
			files = (
				97C3D514191BC82A008921B5 /* InfoPlist.strings in Resources */,
			);
			runOnlyForDeploymentPostprocessing = 0;
		};
/* End PBXResourcesBuildPhase section */

/* Begin PBXShellScriptBuildPhase section */
		1B16935E8D3543A7A3FDC8CE /* Copy Pods Resources */ = {
			isa = PBXShellScriptBuildPhase;
			buildActionMask = 2147483647;
			files = (
			);
			inputPaths = (
			);
			name = "Copy Pods Resources";
			outputPaths = (
			);
			runOnlyForDeploymentPostprocessing = 0;
			shellPath = /bin/sh;
			shellScript = "\"${SRCROOT}/Pods/Target Support Files/Pods/Pods-resources.sh\"\n";
			showEnvVarsInLog = 0;
		};
		97B89180197DCA2C0024EADB /* ShellScript */ = {
			isa = PBXShellScriptBuildPhase;
			buildActionMask = 2147483647;
			files = (
			);
			inputPaths = (
			);
			outputPaths = (
			);
			runOnlyForDeploymentPostprocessing = 0;
			shellPath = "./Crashlytics.framework/run 123dacd4faccb8a97ec46d77de14fb5edca929ca b7735d30ae3c49b61c4ca9a2be132c6d1918e30b98631e71570e23311bee0e6c";
			shellScript = "";
			showEnvVarsInLog = 0;
		};
		C11C00B0D54A4EE7B62F90A0 /* Check Pods Manifest.lock */ = {
			isa = PBXShellScriptBuildPhase;
			buildActionMask = 2147483647;
			files = (
			);
			inputPaths = (
			);
			name = "Check Pods Manifest.lock";
			outputPaths = (
			);
			runOnlyForDeploymentPostprocessing = 0;
			shellPath = /bin/sh;
			shellScript = "diff \"${PODS_ROOT}/../Podfile.lock\" \"${PODS_ROOT}/Manifest.lock\" > /dev/null\nif [[ $? != 0 ]] ; then\n    cat << EOM\nerror: The sandbox is not in sync with the Podfile.lock. Run 'pod install' or update your CocoaPods installation.\nEOM\n    exit 1\nfi\n";
			showEnvVarsInLog = 0;
		};
/* End PBXShellScriptBuildPhase section */

/* Begin PBXSourcesBuildPhase section */
		97C3D4E9191BC82A008921B5 /* Sources */ = {
			isa = PBXSourcesBuildPhase;
			buildActionMask = 2147483647;
			files = (
				97A26CD319476CDC00D632C5 /* CaptchaFixController.m in Sources */,
				97A26CC11941486600D632C5 /* UrlNinja.m in Sources */,
				9731779A19F06792000A7046 /* NSEntityDescription+MagicalDataImport.m in Sources */,
				973177A519F06792000A7046 /* NSManagedObjectContext+MagicalRecord.m in Sources */,
				973177AA19F06792000A7046 /* NSPersistentStoreCoordinator+MagicalRecord.m in Sources */,
				974B602019566FA800592B1D /* Declension.m in Sources */,
				97C3D526191BD46B008921B5 /* ThreadViewController.m in Sources */,
				973177A419F06792000A7046 /* NSManagedObjectContext+MagicalObserving.m in Sources */,
				9717C0D1198CFFAF00EA72EE /* DateFormatter.m in Sources */,
				979BCD71199233160091C40B /* Constants.m in Sources */,
				973177AC19F06792000A7046 /* MagicalRecord+ErrorHandling.m in Sources */,
				97183A7B192AB607003F429C /* GetRequestViewController.m in Sources */,
				973177A219F06792000A7046 /* NSManagedObject+MagicalRecord.m in Sources */,
				974A61081964A6AB00B98C5D /* Board.m in Sources */,
				9731779819F06792000A7046 /* MagicalImportFunctions.m in Sources */,
				848D598C1951714D00773BCF /* Data.xcdatamodeld in Sources */,
				973177A319F06792000A7046 /* NSManagedObject+MagicalRequests.m in Sources */,
				9731779F19F06792000A7046 /* NSManagedObject+MagicalAggregation.m in Sources */,
				9772D650195CDAEE00C2A545 /* ThreadData.m in Sources */,
				976090261981DE34009BAAD3 /* PostCell.m in Sources */,
				973177B019F06792000A7046 /* MagicalRecord+ShorthandSupport.m in Sources */,
				9731779D19F06792000A7046 /* NSRelationshipDescription+MagicalDataImport.m in Sources */,
				9731779C19F06792000A7046 /* NSObject+MagicalDataImport.m in Sources */,
				973177A119F06792000A7046 /* NSManagedObject+MagicalFinders.m in Sources */,
				848D598F195171C800773BCF /* BoardData.m in Sources */,
				97C3D529191BD485008921B5 /* BoardViewController.m in Sources */,
				973177AD19F06792000A7046 /* MagicalRecord+iCloud.m in Sources */,
				973177A819F06792000A7046 /* NSManagedObjectModel+MagicalRecord.m in Sources */,
				973177AB19F06792000A7046 /* MagicalRecord+Actions.m in Sources */,
				973177AE19F06792000A7046 /* MagicalRecord+Options.m in Sources */,
				973177AF19F06792000A7046 /* MagicalRecord+Setup.m in Sources */,
				973177A019F06792000A7046 /* NSManagedObject+MagicalDataImport.m in Sources */,
				97C3D535191BDEF1008921B5 /* Thread.m in Sources */,
				973177A619F06792000A7046 /* NSManagedObjectContext+MagicalSaves.m in Sources */,
				97CA835219641F65009DA88A /* PostViewController.m in Sources */,
				9731779B19F06792000A7046 /* NSNumber+MagicalDataImport.m in Sources */,
				97C3D53A191E7FB6008921B5 /* ThreadTableViewCell.m in Sources */,
				97223088198A2DD800E7C926 /* CommonThreadViewController.m in Sources */,
				974A610B196574ED00B98C5D /* CommonViewController.m in Sources */,
				973177B119F06792000A7046 /* MagicalRecord.m in Sources */,
				97C3D501191BC82A008921B5 /* AppDelegate.m in Sources */,
				973177A919F06792000A7046 /* NSPersistentStore+MagicalRecord.m in Sources */,
				9731779919F06792000A7046 /* NSAttributeDescription+MagicalDataImport.m in Sources */,
				974A6105196446E800B98C5D /* CommentTableViewCell.m in Sources */,
				97C3D523191BCA92008921B5 /* MainViewController.m in Sources */,
				973177A719F06792000A7046 /* NSManagedObjectContext+MagicalThreading.m in Sources */,
				97A26CCA1946741600D632C5 /* TapImageView.m in Sources */,
				97C3D4FD191BC82A008921B5 /* main.m in Sources */,
				9731779E19F06792000A7046 /* NSString+MagicalDataImport.m in Sources */,
				97609023197F3C40009BAAD3 /* CTTextView.m in Sources */,
				97BDB7D21992442A00500491 /* Media.m in Sources */,
				97C3D532191BDE92008921B5 /* Post.m in Sources */,
			);
			runOnlyForDeploymentPostprocessing = 0;
		};
		97C3D504191BC82A008921B5 /* Sources */ = {
			isa = PBXSourcesBuildPhase;
			buildActionMask = 2147483647;
			files = (
				97C3D516191BC82A008921B5 /* m2chTests.m in Sources */,
			);
			runOnlyForDeploymentPostprocessing = 0;
		};
/* End PBXSourcesBuildPhase section */

/* Begin PBXTargetDependency section */
		97C3D50E191BC82A008921B5 /* PBXTargetDependency */ = {
			isa = PBXTargetDependency;
			target = 97C3D4EC191BC82A008921B5 /* Tabula */;
			targetProxy = 97C3D50D191BC82A008921B5 /* PBXContainerItemProxy */;
		};
/* End PBXTargetDependency section */

/* Begin PBXVariantGroup section */
		97C3D4F9191BC82A008921B5 /* InfoPlist.strings */ = {
			isa = PBXVariantGroup;
			children = (
				97C3D4FA191BC82A008921B5 /* en */,
			);
			name = InfoPlist.strings;
			sourceTree = "<group>";
		};
		97C3D512191BC82A008921B5 /* InfoPlist.strings */ = {
			isa = PBXVariantGroup;
			children = (
				97C3D513191BC82A008921B5 /* en */,
			);
			name = InfoPlist.strings;
			sourceTree = "<group>";
		};
/* End PBXVariantGroup section */

/* Begin XCBuildConfiguration section */
		97C3D517191BC82A008921B5 /* Debug */ = {
			isa = XCBuildConfiguration;
			buildSettings = {
				ALWAYS_SEARCH_USER_PATHS = NO;
				CLANG_CXX_LANGUAGE_STANDARD = "gnu++0x";
				CLANG_CXX_LIBRARY = "libc++";
				CLANG_ENABLE_MODULES = YES;
				CLANG_ENABLE_OBJC_ARC = YES;
				CLANG_WARN_BOOL_CONVERSION = YES;
				CLANG_WARN_CONSTANT_CONVERSION = YES;
				CLANG_WARN_DIRECT_OBJC_ISA_USAGE = YES_ERROR;
				CLANG_WARN_EMPTY_BODY = YES;
				CLANG_WARN_ENUM_CONVERSION = YES;
				CLANG_WARN_INT_CONVERSION = YES;
				CLANG_WARN_OBJC_ROOT_CLASS = YES_ERROR;
				CLANG_WARN__DUPLICATE_METHOD_MATCH = YES;
				"CODE_SIGN_IDENTITY[sdk=iphoneos*]" = "";
				COPY_PHASE_STRIP = NO;
				GCC_C_LANGUAGE_STANDARD = gnu99;
				GCC_DYNAMIC_NO_PIC = NO;
				GCC_OPTIMIZATION_LEVEL = 0;
				GCC_PREPROCESSOR_DEFINITIONS = (
					"DEBUG=1",
					"$(inherited)",
				);
				GCC_SYMBOLS_PRIVATE_EXTERN = NO;
				GCC_WARN_64_TO_32_BIT_CONVERSION = YES;
				GCC_WARN_ABOUT_RETURN_TYPE = YES_ERROR;
				GCC_WARN_UNDECLARED_SELECTOR = YES;
				GCC_WARN_UNINITIALIZED_AUTOS = YES_AGGRESSIVE;
				GCC_WARN_UNUSED_FUNCTION = YES;
				GCC_WARN_UNUSED_VARIABLE = YES;
				IPHONEOS_DEPLOYMENT_TARGET = 7.1;
				ONLY_ACTIVE_ARCH = YES;
				PROVISIONING_PROFILE = "453EF8B5-1017-465E-B1FB-F37D7B957D76";
				SDKROOT = iphoneos;
			};
			name = Debug;
		};
		97C3D518191BC82A008921B5 /* Release */ = {
			isa = XCBuildConfiguration;
			buildSettings = {
				ALWAYS_SEARCH_USER_PATHS = NO;
				CLANG_CXX_LANGUAGE_STANDARD = "gnu++0x";
				CLANG_CXX_LIBRARY = "libc++";
				CLANG_ENABLE_MODULES = YES;
				CLANG_ENABLE_OBJC_ARC = YES;
				CLANG_WARN_BOOL_CONVERSION = YES;
				CLANG_WARN_CONSTANT_CONVERSION = YES;
				CLANG_WARN_DIRECT_OBJC_ISA_USAGE = YES_ERROR;
				CLANG_WARN_EMPTY_BODY = YES;
				CLANG_WARN_ENUM_CONVERSION = YES;
				CLANG_WARN_INT_CONVERSION = YES;
				CLANG_WARN_OBJC_ROOT_CLASS = YES_ERROR;
				CLANG_WARN__DUPLICATE_METHOD_MATCH = YES;
				"CODE_SIGN_IDENTITY[sdk=iphoneos*]" = "";
				COPY_PHASE_STRIP = YES;
				ENABLE_NS_ASSERTIONS = NO;
				GCC_C_LANGUAGE_STANDARD = gnu99;
				GCC_WARN_64_TO_32_BIT_CONVERSION = YES;
				GCC_WARN_ABOUT_RETURN_TYPE = YES_ERROR;
				GCC_WARN_UNDECLARED_SELECTOR = YES;
				GCC_WARN_UNINITIALIZED_AUTOS = YES_AGGRESSIVE;
				GCC_WARN_UNUSED_FUNCTION = YES;
				GCC_WARN_UNUSED_VARIABLE = YES;
				IPHONEOS_DEPLOYMENT_TARGET = 7.1;
				PROVISIONING_PROFILE = "453EF8B5-1017-465E-B1FB-F37D7B957D76";
				SDKROOT = iphoneos;
				VALIDATE_PRODUCT = YES;
			};
			name = Release;
		};
		97C3D51A191BC82A008921B5 /* Debug */ = {
			isa = XCBuildConfiguration;
			baseConfigurationReference = 1D632ABF8532C7258AFD9EE8 /* Pods.debug.xcconfig */;
			buildSettings = {
				ASSETCATALOG_COMPILER_APPICON_NAME = AppIcon;
				ASSETCATALOG_COMPILER_LAUNCHIMAGE_NAME = LaunchImage;
				CODE_SIGN_IDENTITY = "iPhone Developer";
				"CODE_SIGN_IDENTITY[sdk=iphoneos*]" = "iPhone Developer";
				FRAMEWORK_SEARCH_PATHS = (
					"$(inherited)",
					"$(PROJECT_DIR)",
				);
				GCC_PRECOMPILE_PREFIX_HEADER = YES;
				GCC_PREFIX_HEADER = "m2ch/Tabula-Prefix.pch";
				HEADER_SEARCH_PATHS = (
					"\"${PODS_ROOT}/Headers\"",
					"\"${PODS_ROOT}/Headers/AsyncImageView\"",
					"\"${PODS_ROOT}/Headers/TTTAttributedLabel\"",
					"\"${PODS_ROOT}/Headers/UIView+AutoLayout\"",
				);
				INFOPLIST_FILE = "m2ch/Tabula-Info.plist";
				IPHONEOS_DEPLOYMENT_TARGET = 7.1;
				LIBRARY_SEARCH_PATHS = "$(inherited)";
				PRODUCT_NAME = Tabula;
				PROVISIONING_PROFILE = "DDE5A0E4-86E7-4969-83EA-4FFE0CF87DB7";
				TARGETED_DEVICE_FAMILY = 1;
				WRAPPER_EXTENSION = app;
			};
			name = Debug;
		};
		97C3D51B191BC82A008921B5 /* Release */ = {
			isa = XCBuildConfiguration;
			baseConfigurationReference = 762DC3CD87334EB0CC4BB22C /* Pods.release.xcconfig */;
			buildSettings = {
				ASSETCATALOG_COMPILER_APPICON_NAME = AppIcon;
				ASSETCATALOG_COMPILER_LAUNCHIMAGE_NAME = LaunchImage;
				CODE_SIGN_IDENTITY = "iPhone Distribution: Aleksandr Tyupin (6PVMJV8LPQ)";
				"CODE_SIGN_IDENTITY[sdk=iphoneos*]" = "iPhone Developer";
				FRAMEWORK_SEARCH_PATHS = (
					"$(inherited)",
					"$(PROJECT_DIR)",
				);
				GCC_PRECOMPILE_PREFIX_HEADER = YES;
				GCC_PREFIX_HEADER = "m2ch/Tabula-Prefix.pch";
				HEADER_SEARCH_PATHS = (
					"\"${PODS_ROOT}/Headers\"",
					"\"${PODS_ROOT}/Headers/AsyncImageView\"",
					"\"${PODS_ROOT}/Headers/TTTAttributedLabel\"",
					"\"${PODS_ROOT}/Headers/UIView+AutoLayout\"",
				);
				INFOPLIST_FILE = "m2ch/Tabula-Info.plist";
				IPHONEOS_DEPLOYMENT_TARGET = 7.1;
				LIBRARY_SEARCH_PATHS = "$(inherited)";
				PRODUCT_NAME = Tabula;
				PROVISIONING_PROFILE = "DDE5A0E4-86E7-4969-83EA-4FFE0CF87DB7";
				TARGETED_DEVICE_FAMILY = 1;
				WRAPPER_EXTENSION = app;
			};
			name = Release;
		};
		97C3D51D191BC82A008921B5 /* Debug */ = {
			isa = XCBuildConfiguration;
			buildSettings = {
				BUNDLE_LOADER = "$(BUILT_PRODUCTS_DIR)/m2ch.app/m2ch";
				FRAMEWORK_SEARCH_PATHS = (
					"$(SDKROOT)/Developer/Library/Frameworks",
					"$(inherited)",
					"$(DEVELOPER_FRAMEWORKS_DIR)",
				);
				GCC_PRECOMPILE_PREFIX_HEADER = YES;
				GCC_PREFIX_HEADER = "m2ch/m2ch-Prefix.pch";
				GCC_PREPROCESSOR_DEFINITIONS = (
					"DEBUG=1",
					"$(inherited)",
				);
				INFOPLIST_FILE = "m2chTests/TabulaTests-Info.plist";
				PRODUCT_NAME = TabulaTests;
				TEST_HOST = "$(BUNDLE_LOADER)";
				WRAPPER_EXTENSION = xctest;
			};
			name = Debug;
		};
		97C3D51E191BC82A008921B5 /* Release */ = {
			isa = XCBuildConfiguration;
			buildSettings = {
				BUNDLE_LOADER = "$(BUILT_PRODUCTS_DIR)/m2ch.app/m2ch";
				FRAMEWORK_SEARCH_PATHS = (
					"$(SDKROOT)/Developer/Library/Frameworks",
					"$(inherited)",
					"$(DEVELOPER_FRAMEWORKS_DIR)",
				);
				GCC_PRECOMPILE_PREFIX_HEADER = YES;
				GCC_PREFIX_HEADER = "m2ch/m2ch-Prefix.pch";
				INFOPLIST_FILE = "m2chTests/TabulaTests-Info.plist";
				PRODUCT_NAME = TabulaTests;
				TEST_HOST = "$(BUNDLE_LOADER)";
				WRAPPER_EXTENSION = xctest;
			};
			name = Release;
		};
/* End XCBuildConfiguration section */

/* Begin XCConfigurationList section */
		97C3D4E8191BC82A008921B5 /* Build configuration list for PBXProject "Tabula" */ = {
			isa = XCConfigurationList;
			buildConfigurations = (
				97C3D517191BC82A008921B5 /* Debug */,
				97C3D518191BC82A008921B5 /* Release */,
			);
			defaultConfigurationIsVisible = 0;
			defaultConfigurationName = Release;
		};
		97C3D519191BC82A008921B5 /* Build configuration list for PBXNativeTarget "Tabula" */ = {
			isa = XCConfigurationList;
			buildConfigurations = (
				97C3D51A191BC82A008921B5 /* Debug */,
				97C3D51B191BC82A008921B5 /* Release */,
			);
			defaultConfigurationIsVisible = 0;
			defaultConfigurationName = Release;
		};
		97C3D51C191BC82A008921B5 /* Build configuration list for PBXNativeTarget "TabulaTests" */ = {
			isa = XCConfigurationList;
			buildConfigurations = (
				97C3D51D191BC82A008921B5 /* Debug */,
				97C3D51E191BC82A008921B5 /* Release */,
			);
			defaultConfigurationIsVisible = 0;
			defaultConfigurationName = Release;
		};
/* End XCConfigurationList section */

/* Begin XCVersionGroup section */
		848D598A1951714C00773BCF /* Data.xcdatamodeld */ = {
			isa = XCVersionGroup;
			children = (
				848D598B1951714C00773BCF /* Data.xcdatamodel */,
			);
			currentVersion = 848D598B1951714C00773BCF /* Data.xcdatamodel */;
			path = Data.xcdatamodeld;
			sourceTree = "<group>";
			versionGroupType = wrapper.xcdatamodel;
		};
/* End XCVersionGroup section */
	};
	rootObject = 97C3D4E5191BC82A008921B5 /* Project object */;
}
